
Microsoft Visual Studio Solution File, Format Version 12.00
# Visual Studio 15
Project("{FAE04EC0-301F-11D3-BF4B-00C04F79EFBC}") = "UnityEngine.TestRunner", "UnityEngine.TestRunner.csproj", "{D3B6B08C-DEE6-2954-B2DC-837B9F9DD3D4}"
EndProject
Project("{FAE04EC0-301F-11D3-BF4B-00C04F79EFBC}") = "Unity.Animation.Rigging", "Unity.Animation.Rigging.csproj", "{B52373BA-95A2-92AC-2C6C-EFE15038F7B7}"
EndProject
Project("{FAE04EC0-301F-11D3-BF4B-00C04F79EFBC}") = "Unity.Barracuda", "Unity.Barracuda.csproj", "{2FC12759-D123-5A90-65DD-4CB7059D9F2A}"
EndProject
Project("{FAE04EC0-301F-11D3-BF4B-00C04F79EFBC}") = "UnityEngine.UI", "UnityEngine.UI.csproj", "{DDAEEF81-0374-0453-FE27-E49AE463D2DB}"
EndProject
Project("{FAE04EC0-301F-11D3-BF4B-00C04F79EFBC}") = "Unity.TextMeshPro", "Unity.TextMeshPro.csproj", "{1DC2F8B4-21D1-4094-8CE3-B4FA35861D75}"
EndProject
Project("{FAE04EC0-301F-11D3-BF4B-00C04F79EFBC}") = "Unity.Timeline", "Unity.Timeline.csproj", "{06524598-4EBD-A268-9B44-FA809E76C7C8}"
EndProject
Project("{FAE04EC0-301F-11D3-BF4B-00C04F79EFBC}") = "Unity.Mathematics", "Unity.Mathematics.csproj", "{3410EA7C-2F35-5B70-FFA5-4F4E1EEBCCD3}"
EndProject
Project("{FAE04EC0-301F-11D3-BF4B-00C04F79EFBC}") = "Assembly-CSharp", "Assembly-CSharp.csproj", "{95042E88-36FD-3577-848F-0B0B000927EB}"
EndProject
Project("{FAE04EC0-301F-11D3-BF4B-00C04F79EFBC}") = "Unity.Burst", "Unity.Burst.csproj", "{95B412AC-26AD-DB5A-90A8-CA227B757120}"
EndProject
Project("{FAE04EC0-301F-11D3-BF4B-00C04F79EFBC}") = "Unity.Barracuda.MacBLAS", "Unity.Barracuda.MacBLAS.csproj", "{1CE96DCC-24D6-81AF-11D8-FD082BD31144}"
EndProject
Project("{FAE04EC0-301F-11D3-BF4B-00C04F79EFBC}") = "Unity.Barracuda.BurstBLAS", "Unity.Barracuda.BurstBLAS.csproj", "{867A9A1C-DEB4-0118-7FA9-F88066937C62}"
EndProject
Project("{FAE04EC0-301F-11D3-BF4B-00C04F79EFBC}") = "Unity.Barracuda.iOSBLAS", "Unity.Barracuda.iOSBLAS.csproj", "{815C3E5D-DA61-6950-6B86-3C361560F688}"
EndProject
Project("{FAE04EC0-301F-11D3-BF4B-00C04F79EFBC}") = "Unity.TextMeshPro.Editor", "Unity.TextMeshPro.Editor.csproj", "{82400B68-9E23-E3C8-DC7B-9FED546A4E1C}"
EndProject
Project("{FAE04EC0-301F-11D3-BF4B-00C04F79EFBC}") = "Unity.Timeline.Editor", "Unity.Timeline.Editor.csproj", "{DD9D171E-7BBB-C79C-9220-4D3886E289C4}"
EndProject
Project("{FAE04EC0-301F-11D3-BF4B-00C04F79EFBC}") = "UnityEditor.TestRunner", "UnityEditor.TestRunner.csproj", "{9B20C71F-48E7-6021-9D31-BB02A122FDCF}"
EndProject
Project("{FAE04EC0-301F-11D3-BF4B-00C04F79EFBC}") = "Unity.Animation.Rigging.Editor", "Unity.Animation.Rigging.Editor.csproj", "{6A9D2860-C763-25C7-C06C-979159F14BB0}"
EndProject
Project("{FAE04EC0-301F-11D3-BF4B-00C04F79EFBC}") = "UnityEditor.UI", "UnityEditor.UI.csproj", "{0D2234F5-323C-1C2D-DE02-7DEF49FA5537}"
EndProject
Project("{FAE04EC0-301F-11D3-BF4B-00C04F79EFBC}") = "Unity.Rider.Editor", "Unity.Rider.Editor.csproj", "{A1D8E3B0-5082-F963-0236-3609315EE12B}"
EndProject
Project("{FAE04EC0-301F-11D3-BF4B-00C04F79EFBC}") = "Unity.Barracuda.Editor", "Unity.Barracuda.Editor.csproj", "{655A2F28-A0B8-ED7A-2BB3-9157FBE00283}"
EndProject
Project("{FAE04EC0-301F-11D3-BF4B-00C04F79EFBC}") = "Unity.CollabProxy.Editor", "Unity.CollabProxy.Editor.csproj", "{E5ECAB73-3440-53C5-72D9-44531D0A31D7}"
EndProject
Project("{FAE04EC0-301F-11D3-BF4B-00C04F79EFBC}") = "Unity.VSCode.Editor", "Unity.VSCode.Editor.csproj", "{BD51B496-D3EA-6CBF-8A31-10C6CC45D184}"
EndProject
Project("{FAE04EC0-301F-11D3-BF4B-00C04F79EFBC}") = "Unity.Burst.Editor", "Unity.Burst.Editor.csproj", "{723E30A1-FD9C-A383-F4A0-84A4B7E365BF}"
EndProject
Project("{FAE04EC0-301F-11D3-BF4B-00C04F79EFBC}") = "Unity.Mathematics.Editor", "Unity.Mathematics.Editor.csproj", "{B97CDF9E-3238-B279-A1B9-70AD06E27258}"
EndProject
Global
	GlobalSection(SolutionConfigurationPlatforms) = preSolution
		Debug|Any CPU = Debug|Any CPU
		Release|Any CPU = Release|Any CPU
	EndGlobalSection
	GlobalSection(ProjectConfigurationPlatforms) = postSolution
		{D3B6B08C-DEE6-2954-B2DC-837B9F9DD3D4}.Debug|Any CPU.ActiveCfg = Debug|Any CPU
		{D3B6B08C-DEE6-2954-B2DC-837B9F9DD3D4}.Debug|Any CPU.Build.0 = Debug|Any CPU
		{D3B6B08C-DEE6-2954-B2DC-837B9F9DD3D4}.Release|Any CPU.ActiveCfg = Release|Any CPU
		{D3B6B08C-DEE6-2954-B2DC-837B9F9DD3D4}.Release|Any CPU.Build.0 = Release|Any CPU
		{B52373BA-95A2-92AC-2C6C-EFE15038F7B7}.Debug|Any CPU.ActiveCfg = Debug|Any CPU
		{B52373BA-95A2-92AC-2C6C-EFE15038F7B7}.Debug|Any CPU.Build.0 = Debug|Any CPU
		{B52373BA-95A2-92AC-2C6C-EFE15038F7B7}.Release|Any CPU.ActiveCfg = Release|Any CPU
		{B52373BA-95A2-92AC-2C6C-EFE15038F7B7}.Release|Any CPU.Build.0 = Release|Any CPU
		{2FC12759-D123-5A90-65DD-4CB7059D9F2A}.Debug|Any CPU.ActiveCfg = Debug|Any CPU
		{2FC12759-D123-5A90-65DD-4CB7059D9F2A}.Debug|Any CPU.Build.0 = Debug|Any CPU
		{2FC12759-D123-5A90-65DD-4CB7059D9F2A}.Release|Any CPU.ActiveCfg = Release|Any CPU
		{2FC12759-D123-5A90-65DD-4CB7059D9F2A}.Release|Any CPU.Build.0 = Release|Any CPU
		{DDAEEF81-0374-0453-FE27-E49AE463D2DB}.Debug|Any CPU.ActiveCfg = Debug|Any CPU
		{DDAEEF81-0374-0453-FE27-E49AE463D2DB}.Debug|Any CPU.Build.0 = Debug|Any CPU
		{DDAEEF81-0374-0453-FE27-E49AE463D2DB}.Release|Any CPU.ActiveCfg = Release|Any CPU
		{DDAEEF81-0374-0453-FE27-E49AE463D2DB}.Release|Any CPU.Build.0 = Release|Any CPU
		{1DC2F8B4-21D1-4094-8CE3-B4FA35861D75}.Debug|Any CPU.ActiveCfg = Debug|Any CPU
		{1DC2F8B4-21D1-4094-8CE3-B4FA35861D75}.Debug|Any CPU.Build.0 = Debug|Any CPU
		{1DC2F8B4-21D1-4094-8CE3-B4FA35861D75}.Release|Any CPU.ActiveCfg = Release|Any CPU
		{1DC2F8B4-21D1-4094-8CE3-B4FA35861D75}.Release|Any CPU.Build.0 = Release|Any CPU
		{06524598-4EBD-A268-9B44-FA809E76C7C8}.Debug|Any CPU.ActiveCfg = Debug|Any CPU
		{06524598-4EBD-A268-9B44-FA809E76C7C8}.Debug|Any CPU.Build.0 = Debug|Any CPU
		{06524598-4EBD-A268-9B44-FA809E76C7C8}.Release|Any CPU.ActiveCfg = Release|Any CPU
		{06524598-4EBD-A268-9B44-FA809E76C7C8}.Release|Any CPU.Build.0 = Release|Any CPU
		{3410EA7C-2F35-5B70-FFA5-4F4E1EEBCCD3}.Debug|Any CPU.ActiveCfg = Debug|Any CPU
		{3410EA7C-2F35-5B70-FFA5-4F4E1EEBCCD3}.Debug|Any CPU.Build.0 = Debug|Any CPU
		{3410EA7C-2F35-5B70-FFA5-4F4E1EEBCCD3}.Release|Any CPU.ActiveCfg = Release|Any CPU
		{3410EA7C-2F35-5B70-FFA5-4F4E1EEBCCD3}.Release|Any CPU.Build.0 = Release|Any CPU
		{95042E88-36FD-3577-848F-0B0B000927EB}.Debug|Any CPU.ActiveCfg = Debug|Any CPU
		{95042E88-36FD-3577-848F-0B0B000927EB}.Debug|Any CPU.Build.0 = Debug|Any CPU
		{95042E88-36FD-3577-848F-0B0B000927EB}.Release|Any CPU.ActiveCfg = Release|Any CPU
		{95042E88-36FD-3577-848F-0B0B000927EB}.Release|Any CPU.Build.0 = Release|Any CPU
		{95B412AC-26AD-DB5A-90A8-CA227B757120}.Debug|Any CPU.ActiveCfg = Debug|Any CPU
		{95B412AC-26AD-DB5A-90A8-CA227B757120}.Debug|Any CPU.Build.0 = Debug|Any CPU
		{95B412AC-26AD-DB5A-90A8-CA227B757120}.Release|Any CPU.ActiveCfg = Release|Any CPU
		{95B412AC-26AD-DB5A-90A8-CA227B757120}.Release|Any CPU.Build.0 = Release|Any CPU
		{1CE96DCC-24D6-81AF-11D8-FD082BD31144}.Debug|Any CPU.ActiveCfg = Debug|Any CPU
		{1CE96DCC-24D6-81AF-11D8-FD082BD31144}.Debug|Any CPU.Build.0 = Debug|Any CPU
		{1CE96DCC-24D6-81AF-11D8-FD082BD31144}.Release|Any CPU.ActiveCfg = Release|Any CPU
		{1CE96DCC-24D6-81AF-11D8-FD082BD31144}.Release|Any CPU.Build.0 = Release|Any CPU
		{867A9A1C-DEB4-0118-7FA9-F88066937C62}.Debug|Any CPU.ActiveCfg = Debug|Any CPU
		{867A9A1C-DEB4-0118-7FA9-F88066937C62}.Debug|Any CPU.Build.0 = Debug|Any CPU
		{867A9A1C-DEB4-0118-7FA9-F88066937C62}.Release|Any CPU.ActiveCfg = Release|Any CPU
		{867A9A1C-DEB4-0118-7FA9-F88066937C62}.Release|Any CPU.Build.0 = Release|Any CPU
		{815C3E5D-DA61-6950-6B86-3C361560F688}.Debug|Any CPU.ActiveCfg = Debug|Any CPU
		{815C3E5D-DA61-6950-6B86-3C361560F688}.Debug|Any CPU.Build.0 = Debug|Any CPU
		{815C3E5D-DA61-6950-6B86-3C361560F688}.Release|Any CPU.ActiveCfg = Release|Any CPU
		{815C3E5D-DA61-6950-6B86-3C361560F688}.Release|Any CPU.Build.0 = Release|Any CPU
		{82400B68-9E23-E3C8-DC7B-9FED546A4E1C}.Debug|Any CPU.ActiveCfg = Debug|Any CPU
		{82400B68-9E23-E3C8-DC7B-9FED546A4E1C}.Debug|Any CPU.Build.0 = Debug|Any CPU
		{82400B68-9E23-E3C8-DC7B-9FED546A4E1C}.Release|Any CPU.ActiveCfg = Release|Any CPU
		{82400B68-9E23-E3C8-DC7B-9FED546A4E1C}.Release|Any CPU.Build.0 = Release|Any CPU
		{DD9D171E-7BBB-C79C-9220-4D3886E289C4}.Debug|Any CPU.ActiveCfg = Debug|Any CPU
		{DD9D171E-7BBB-C79C-9220-4D3886E289C4}.Debug|Any CPU.Build.0 = Debug|Any CPU
		{DD9D171E-7BBB-C79C-9220-4D3886E289C4}.Release|Any CPU.ActiveCfg = Release|Any CPU
		{DD9D171E-7BBB-C79C-9220-4D3886E289C4}.Release|Any CPU.Build.0 = Release|Any CPU
		{9B20C71F-48E7-6021-9D31-BB02A122FDCF}.Debug|Any CPU.ActiveCfg = Debug|Any CPU
		{9B20C71F-48E7-6021-9D31-BB02A122FDCF}.Debug|Any CPU.Build.0 = Debug|Any CPU
		{9B20C71F-48E7-6021-9D31-BB02A122FDCF}.Release|Any CPU.ActiveCfg = Release|Any CPU
		{9B20C71F-48E7-6021-9D31-BB02A122FDCF}.Release|Any CPU.Build.0 = Release|Any CPU
		{6A9D2860-C763-25C7-C06C-979159F14BB0}.Debug|Any CPU.ActiveCfg = Debug|Any CPU
		{6A9D2860-C763-25C7-C06C-979159F14BB0}.Debug|Any CPU.Build.0 = Debug|Any CPU
		{6A9D2860-C763-25C7-C06C-979159F14BB0}.Release|Any CPU.ActiveCfg = Release|Any CPU
		{6A9D2860-C763-25C7-C06C-979159F14BB0}.Release|Any CPU.Build.0 = Release|Any CPU
		{0D2234F5-323C-1C2D-DE02-7DEF49FA5537}.Debug|Any CPU.ActiveCfg = Debug|Any CPU
		{0D2234F5-323C-1C2D-DE02-7DEF49FA5537}.Debug|Any CPU.Build.0 = Debug|Any CPU
		{0D2234F5-323C-1C2D-DE02-7DEF49FA5537}.Release|Any CPU.ActiveCfg = Release|Any CPU
		{0D2234F5-323C-1C2D-DE02-7DEF49FA5537}.Release|Any CPU.Build.0 = Release|Any CPU
		{A1D8E3B0-5082-F963-0236-3609315EE12B}.Debug|Any CPU.ActiveCfg = Debug|Any CPU
		{A1D8E3B0-5082-F963-0236-3609315EE12B}.Debug|Any CPU.Build.0 = Debug|Any CPU
		{A1D8E3B0-5082-F963-0236-3609315EE12B}.Release|Any CPU.ActiveCfg = Release|Any CPU
		{A1D8E3B0-5082-F963-0236-3609315EE12B}.Release|Any CPU.Build.0 = Release|Any CPU
		{655A2F28-A0B8-ED7A-2BB3-9157FBE00283}.Debug|Any CPU.ActiveCfg = Debug|Any CPU
		{655A2F28-A0B8-ED7A-2BB3-9157FBE00283}.Debug|Any CPU.Build.0 = Debug|Any CPU
		{655A2F28-A0B8-ED7A-2BB3-9157FBE00283}.Release|Any CPU.ActiveCfg = Release|Any CPU
		{655A2F28-A0B8-ED7A-2BB3-9157FBE00283}.Release|Any CPU.Build.0 = Release|Any CPU
		{E5ECAB73-3440-53C5-72D9-44531D0A31D7}.Debug|Any CPU.ActiveCfg = Debug|Any CPU
		{E5ECAB73-3440-53C5-72D9-44531D0A31D7}.Debug|Any CPU.Build.0 = Debug|Any CPU
		{E5ECAB73-3440-53C5-72D9-44531D0A31D7}.Release|Any CPU.ActiveCfg = Release|Any CPU
		{E5ECAB73-3440-53C5-72D9-44531D0A31D7}.Release|Any CPU.Build.0 = Release|Any CPU
		{BD51B496-D3EA-6CBF-8A31-10C6CC45D184}.Debug|Any CPU.ActiveCfg = Debug|Any CPU
		{BD51B496-D3EA-6CBF-8A31-10C6CC45D184}.Debug|Any CPU.Build.0 = Debug|Any CPU
		{BD51B496-D3EA-6CBF-8A31-10C6CC45D184}.Release|Any CPU.ActiveCfg = Release|Any CPU
		{BD51B496-D3EA-6CBF-8A31-10C6CC45D184}.Release|Any CPU.Build.0 = Release|Any CPU
		{723E30A1-FD9C-A383-F4A0-84A4B7E365BF}.Debug|Any CPU.ActiveCfg = Debug|Any CPU
		{723E30A1-FD9C-A383-F4A0-84A4B7E365BF}.Debug|Any CPU.Build.0 = Debug|Any CPU
		{723E30A1-FD9C-A383-F4A0-84A4B7E365BF}.Release|Any CPU.ActiveCfg = Release|Any CPU
		{723E30A1-FD9C-A383-F4A0-84A4B7E365BF}.Release|Any CPU.Build.0 = Release|Any CPU
		{B97CDF9E-3238-B279-A1B9-70AD06E27258}.Debug|Any CPU.ActiveCfg = Debug|Any CPU
		{B97CDF9E-3238-B279-A1B9-70AD06E27258}.Debug|Any CPU.Build.0 = Debug|Any CPU
		{B97CDF9E-3238-B279-A1B9-70AD06E27258}.Release|Any CPU.ActiveCfg = Release|Any CPU
		{B97CDF9E-3238-B279-A1B9-70AD06E27258}.Release|Any CPU.Build.0 = Release|Any CPU
	EndGlobalSection
	GlobalSection(SolutionProperties) = preSolution
		HideSolutionNode = FALSE
	EndGlobalSection
EndGlobal
